
Microsoft Visual Studio Solution File, Format Version 12.00
# Visual Studio Version 17
VisualStudioVersion = 17.5.33516.290
MinimumVisualStudioVersion = 10.0.40219.1
Project("{FAE04EC0-301F-11D3-BF4B-00C04F79EFBC}") = "EF01CodeFirst", "EF01CodeFirst\EF01CodeFirst.csproj", "{676A96CE-B1B5-44EB-BDB5-5CCDF80E514C}"
EndProject
Global
	GlobalSection(SolutionConfigurationPlatforms) = preSolution
		Debug|Any CPU = Debug|Any CPU
		Release|Any CPU = Release|Any CPU
	EndGlobalSection
	GlobalSection(ProjectConfigurationPlatforms) = postSolution
		{676A96CE-B1B5-44EB-BDB5-5CCDF80E514C}.Debug|Any CPU.ActiveCfg = Debug|Any CPU
		{676A96CE-B1B5-44EB-BDB5-5CCDF80E514C}.Debug|Any CPU.Build.0 = Debug|Any CPU
		{676A96CE-B1B5-44EB-BDB5-5CCDF80E514C}.Release|Any CPU.ActiveCfg = Release|Any CPU
		{676A96CE-B1B5-44EB-BDB5-5CCDF80E514C}.Release|Any CPU.Build.0 = Release|Any CPU
	EndGlobalSection
	GlobalSection(SolutionProperties) = preSolution
		HideSolutionNode = FALSE
	EndGlobalSection
	GlobalSection(ExtensibilityGlobals) = postSolution
		SolutionGuid = {C6A19BD4-D68B-436E-AAEE-15DAAA60184F}
	EndGlobalSection
EndGlobal
